<?xml version="1.0" encoding="utf-8"?>
<Project ToolsVersion="4.0" xmlns="http://schemas.microsoft.com/developer/msbuild/2003">
  <ItemGroup>
    <ClInclude Include="BasicClass.h">
      <Filter>Includes</Filter>
    </ClInclude>
    <ClInclude Include="ProblemControl.h">
      <Filter>Includes</Filter>
    </ClInclude>
    <ClInclude Include="RuntimeControl.h">
      <Filter>Includes</Filter>
    </ClInclude>
    <ClInclude Include="utils\AMDCL2\SDKUtil\BoltAMPUtil.hpp">
      <Filter>Includes\utils\amdcl2</Filter>
    </ClInclude>
    <ClInclude Include="utils\AMDCL2\SDKUtil\BoltCLUtil.hpp">
      <Filter>Includes\utils\amdcl2</Filter>
    </ClInclude>
    <ClInclude Include="utils\AMDCL2\SDKUtil\CLUtil.hpp">
      <Filter>Includes\utils\amdcl2</Filter>
    </ClInclude>
    <ClInclude Include="utils\AMDCL2\SDKUtil\OpenCVUtil.hpp">
      <Filter>Includes\utils\amdcl2</Filter>
    </ClInclude>
    <ClInclude Include="utils\AMDCL2\SDKUtil\SDKBitMap.hpp">
      <Filter>Includes\utils\amdcl2</Filter>
    </ClInclude>
    <ClInclude Include="utils\AMDCL2\SDKUtil\SDKFile.hpp">
      <Filter>Includes\utils\amdcl2</Filter>
    </ClInclude>
    <ClInclude Include="utils\AMDCL2\SDKUtil\SDKThread.hpp">
      <Filter>Includes\utils\amdcl2</Filter>
    </ClInclude>
    <ClInclude Include="utils\AMDCL2\SDKUtil\SDKUtil.hpp">
      <Filter>Includes\utils\amdcl2</Filter>
    </ClInclude>
    <ClInclude Include="ConvFwd1x1.h">
      <Filter>TensileConv</Filter>
    </ClInclude>
    <ClInclude Include="ConvFwd1x1Config.h">
      <Filter>TensileConv</Filter>
    </ClInclude>
    <ClInclude Include="helper_cl.h">
      <Filter>Includes</Filter>
    </ClInclude>
    <ClInclude Include="KernelWriterBasic.h">
      <Filter>Includes</Filter>
    </ClInclude>
    <ClInclude Include="KernelWriter.h">
      <Filter>Includes</Filter>
    </ClInclude>
    <ClInclude Include="ConvFwd1x1KernelWriter.h">
      <Filter>TensileConv</Filter>
    </ClInclude>
  </ItemGroup>
  <ItemGroup>
    <ClCompile Include="main.cpp" />
    <ClCompile Include="RuntimeControl.cpp" />
    <ClCompile Include="ProblemControl.cpp" />
    <ClCompile Include="ConvFwd1x1.cpp">
      <Filter>TensileConv</Filter>
    </ClCompile>
    <ClCompile Include="ConvFwd1x1KernelWriter.cpp">
      <Filter>TensileConv</Filter>
    </ClCompile>
  </ItemGroup>
  <ItemGroup>
    <Filter Include="Includes">
      <UniqueIdentifier>{29523e91-5957-45f4-b6c0-2b28ec3df1a1}</UniqueIdentifier>
    </Filter>
    <Filter Include="Includes\utils">
      <UniqueIdentifier>{2ae1397a-fd8d-410d-966f-187768df57af}</UniqueIdentifier>
    </Filter>
    <Filter Include="Includes\utils\amdcl2">
      <UniqueIdentifier>{dd00e094-454f-48db-b608-0b85689807b6}</UniqueIdentifier>
    </Filter>
    <Filter Include="TensileConv">
      <UniqueIdentifier>{fbe90e90-e18f-4a40-890e-0470eb5470cd}</UniqueIdentifier>
    </Filter>
    <Filter Include="TensileConv\kernels">
      <UniqueIdentifier>{03ef0283-3e71-4cfc-a5a1-3f72f7a318a8}</UniqueIdentifier>
    </Filter>
    <Filter Include="TensileConv\kernels\asmTool">
      <UniqueIdentifier>{d36ee4ff-ece6-40a8-bb59-6919ddd8c246}</UniqueIdentifier>
    </Filter>
  </ItemGroup>
  <ItemGroup>
    <None Include="Kernels\gpr_alloc.inc">
      <Filter>TensileConv\kernels\asmTool</Filter>
    </None>
    <None Include="Kernels\inst_wrappers.inc">
      <Filter>TensileConv\kernels\asmTool</Filter>
    </None>
    <None Include="Kernels\common.inc">
      <Filter>TensileConv\kernels\asmTool</Filter>
    </None>
    <None Include="Kernels\conv_sizes.inc">
      <Filter>TensileConv\kernels\asmTool</Filter>
    </None>
    <None Include="Kernels\ConvFwd1x1_Jasm.s">
      <Filter>TensileConv\kernels</Filter>
    </None>
    <None Include="Kernels\ConvFwd1x1_Jasm_NewOrg.s">
      <Filter>TensileConv\kernels</Filter>
    </None>
    <None Include="Kernels\ConvFwd1x1_Jcl.cl">
      <Filter>TensileConv\kernels</Filter>
    </None>
    <None Include="Kernels\ConvFwd1x1_Jcl_256thread.cl">
      <Filter>TensileConv\kernels</Filter>
    </None>
    <None Include="Kernels\ConvFwd1x1_Jcl_NewOrg.cl">
      <Filter>TensileConv\kernels</Filter>
    </None>
    <None Include="Kernels\ConvFwd1x1_Jasm_PreFetch_Mult_Conv.s">
      <Filter>TensileConv\kernels</Filter>
    </None>
    <None Include="Kernels\ConvFwd1x1_Jasm_Prefetch_Mult_Fetch.s">
      <Filter>TensileConv\kernels</Filter>
    </None>
    <None Include="Kernels\ConvFwd1x1_Jasm_PreFetch_Single.s">
      <Filter>TensileConv\kernels</Filter>
    </None>
    <None Include="Kernels\ConvFwd1x1_Jasm_PreFetch_Single_NewOrg.s">
      <Filter>TensileConv\kernels</Filter>
    </None>
    <None Include="Kernels\SimuIndex.cl">
      <Filter>TensileConv\kernels</Filter>
    </None>
    <None Include="Kernels\ConvFwd1x1_Jasm_PreFetch_Single_FixWei.s">
      <Filter>TensileConv\kernels</Filter>
    </None>
    <None Include="Kernels\ConvFwd1x1_Jasm_Cin_Mult.s">
      <Filter>TensileConv\kernels</Filter>
    </None>
    <None Include="Kernels\ConvFwd1x1_Jasm_PreFetch_Single_FixWei_2.s">
      <Filter>TensileConv\kernels</Filter>
    </None>
  </ItemGroup>
</Project>