<?xml version="1.0" encoding="utf-8"?>
<Project ToolsVersion="4.0" xmlns="http://schemas.microsoft.com/developer/msbuild/2003">
  <ItemGroup>
    <Filter Include="common">
      <UniqueIdentifier>{ecf4ce5c-068d-4bd6-91bf-89cbd1ceac21}</UniqueIdentifier>
    </Filter>
    <Filter Include="src">
      <UniqueIdentifier>{8818525d-f61a-4e5b-868e-b051ff8ea8a4}</UniqueIdentifier>
    </Filter>
    <Filter Include="lib">
      <UniqueIdentifier>{6b554378-8b9f-49f5-84fc-c3aa1ac2cddb}</UniqueIdentifier>
    </Filter>
  </ItemGroup>
  <ItemGroup>
    <ClCompile Include="..\common\ff_cmd_args.cpp">
      <Filter>common</Filter>
    </ClCompile>
    <ClCompile Include="..\common\ff_file_opt.cpp">
      <Filter>common</Filter>
    </ClCompile>
    <ClCompile Include="..\common\ff_log.cpp">
      <Filter>common</Filter>
    </ClCompile>
    <ClCompile Include="..\common\ff_timer.cpp">
      <Filter>common</Filter>
    </ClCompile>
    <ClCompile Include="..\src\main.cpp">
      <Filter>src</Filter>
    </ClCompile>
    <ClCompile Include="..\src\ConvFwd1x1.cpp">
      <Filter>src</Filter>
    </ClCompile>
    <ClCompile Include="..\src\ConvFwd1x1KernelWriter.cpp">
      <Filter>src</Filter>
    </ClCompile>
    <ClCompile Include="..\src\TensileConvBase.cpp">
      <Filter>src</Filter>
    </ClCompile>
    <ClCompile Include="..\src\TensileConvLib.cpp">
      <Filter>lib</Filter>
    </ClCompile>
    <ClCompile Include="..\common\ff_runtime.cpp">
      <Filter>common</Filter>
    </ClCompile>
    <ClCompile Include="..\common\ff_db.cpp">
      <Filter>common</Filter>
    </ClCompile>
    <ClCompile Include="..\common\ff_ocl_runtime.cpp">
      <Filter>common</Filter>
    </ClCompile>
  </ItemGroup>
  <ItemGroup>
    <ClInclude Include="..\common\ff_basic.h">
      <Filter>common</Filter>
    </ClInclude>
    <ClInclude Include="..\common\ff_cmd_args.h">
      <Filter>common</Filter>
    </ClInclude>
    <ClInclude Include="..\common\ff_file_opt.h">
      <Filter>common</Filter>
    </ClInclude>
    <ClInclude Include="..\common\ff_log.h">
      <Filter>common</Filter>
    </ClInclude>
    <ClInclude Include="..\common\ff_timer.h">
      <Filter>common</Filter>
    </ClInclude>
    <ClInclude Include="..\common\ff_utils.h">
      <Filter>common</Filter>
    </ClInclude>
    <ClInclude Include="..\common\ff_ocl_helper.h">
      <Filter>common</Filter>
    </ClInclude>
    <ClInclude Include="..\src\AutoTuning.h">
      <Filter>src</Filter>
    </ClInclude>
    <ClInclude Include="..\src\ConvFwd1x1.h">
      <Filter>src</Filter>
    </ClInclude>
    <ClInclude Include="..\src\KernelWriter.h">
      <Filter>src</Filter>
    </ClInclude>
    <ClInclude Include="..\src\ConvFwd1x1KernelWriter.h">
      <Filter>src</Filter>
    </ClInclude>
    <ClInclude Include="..\src\TensileConvBase.h">
      <Filter>src</Filter>
    </ClInclude>
    <ClInclude Include="..\common\ff_math.h">
      <Filter>common</Filter>
    </ClInclude>
    <ClInclude Include="..\src\IsaGenerater.h">
      <Filter>src</Filter>
    </ClInclude>
    <ClInclude Include="..\..\Include\TensileConv.h">
      <Filter>lib</Filter>
    </ClInclude>
    <ClInclude Include="..\common\ff_runtime.h">
      <Filter>common</Filter>
    </ClInclude>
    <ClInclude Include="..\common\ff_db.h">
      <Filter>common</Filter>
    </ClInclude>
    <ClInclude Include="..\common\ff_ocl_runtime.h">
      <Filter>common</Filter>
    </ClInclude>
  </ItemGroup>
</Project>